
Microsoft Visual Studio Solution File, Format Version 12.00
# Visual Studio 14
VisualStudioVersion = 14.0.25420.1
MinimumVisualStudioVersion = 10.0.40219.1
Project("{FAE04EC0-301F-11D3-BF4B-00C04F79EFBC}") = "Family", "Family\Family\Family.csproj", "{7D5F08B9-E991-4A07-8FBA-7F20524CDE2E}"
EndProject
Project("{FAE04EC0-301F-11D3-BF4B-00C04F79EFBC}") = "Family.Droid", "Family\Family.Droid\Family.Droid.csproj", "{A62F801A-2E52-4BC3-9F96-FF8935520028}"
EndProject
Project("{FAE04EC0-301F-11D3-BF4B-00C04F79EFBC}") = "Family.iOS", "Family\Family.iOS\Family.iOS.csproj", "{1A1B08B6-2D5E-4420-8DC9-7EAB7D8B4E84}"
EndProject
Project("{FAE04EC0-301F-11D3-BF4B-00C04F79EFBC}") = "Family.WinPhone", "Family\Family.WinPhone\Family.WinPhone.csproj", "{FAE77DA4-6126-418F-95F3-9B99D00F714A}"
EndProject
Project("{FAE04EC0-301F-11D3-BF4B-00C04F79EFBC}") = "Family.Windows", "Family\Family.Windows\Family.Windows.csproj", "{442A613B-79A5-409E-B225-05179ACBA8AB}"
EndProject
Global
	GlobalSection(SolutionConfigurationPlatforms) = preSolution
		Ad-Hoc|Any CPU = Ad-Hoc|Any CPU
		Ad-Hoc|ARM = Ad-Hoc|ARM
		Ad-Hoc|iPhone = Ad-Hoc|iPhone
		Ad-Hoc|iPhoneSimulator = Ad-Hoc|iPhoneSimulator
		Ad-Hoc|x64 = Ad-Hoc|x64
		Ad-Hoc|x86 = Ad-Hoc|x86
		AppStore|Any CPU = AppStore|Any CPU
		AppStore|ARM = AppStore|ARM
		AppStore|iPhone = AppStore|iPhone
		AppStore|iPhoneSimulator = AppStore|iPhoneSimulator
		AppStore|x64 = AppStore|x64
		AppStore|x86 = AppStore|x86
		Debug|Any CPU = Debug|Any CPU
		Debug|ARM = Debug|ARM
		Debug|iPhone = Debug|iPhone
		Debug|iPhoneSimulator = Debug|iPhoneSimulator
		Debug|x64 = Debug|x64
		Debug|x86 = Debug|x86
		Release|Any CPU = Release|Any CPU
		Release|ARM = Release|ARM
		Release|iPhone = Release|iPhone
		Release|iPhoneSimulator = Release|iPhoneSimulator
		Release|x64 = Release|x64
		Release|x86 = Release|x86
	EndGlobalSection
	GlobalSection(ProjectConfigurationPlatforms) = postSolution
		{7D5F08B9-E991-4A07-8FBA-7F20524CDE2E}.Ad-Hoc|Any CPU.ActiveCfg = Release|Any CPU
		{7D5F08B9-E991-4A07-8FBA-7F20524CDE2E}.Ad-Hoc|Any CPU.Build.0 = Release|Any CPU
		{7D5F08B9-E991-4A07-8FBA-7F20524CDE2E}.Ad-Hoc|ARM.ActiveCfg = Release|Any CPU
		{7D5F08B9-E991-4A07-8FBA-7F20524CDE2E}.Ad-Hoc|ARM.Build.0 = Release|Any CPU
		{7D5F08B9-E991-4A07-8FBA-7F20524CDE2E}.Ad-Hoc|iPhone.ActiveCfg = Release|Any CPU
		{7D5F08B9-E991-4A07-8FBA-7F20524CDE2E}.Ad-Hoc|iPhone.Build.0 = Release|Any CPU
		{7D5F08B9-E991-4A07-8FBA-7F20524CDE2E}.Ad-Hoc|iPhoneSimulator.ActiveCfg = Release|Any CPU
		{7D5F08B9-E991-4A07-8FBA-7F20524CDE2E}.Ad-Hoc|iPhoneSimulator.Build.0 = Release|Any CPU
		{7D5F08B9-E991-4A07-8FBA-7F20524CDE2E}.Ad-Hoc|x64.ActiveCfg = Release|Any CPU
		{7D5F08B9-E991-4A07-8FBA-7F20524CDE2E}.Ad-Hoc|x64.Build.0 = Release|Any CPU
		{7D5F08B9-E991-4A07-8FBA-7F20524CDE2E}.Ad-Hoc|x86.ActiveCfg = Release|Any CPU
		{7D5F08B9-E991-4A07-8FBA-7F20524CDE2E}.Ad-Hoc|x86.Build.0 = Release|Any CPU
		{7D5F08B9-E991-4A07-8FBA-7F20524CDE2E}.AppStore|Any CPU.ActiveCfg = Release|Any CPU
		{7D5F08B9-E991-4A07-8FBA-7F20524CDE2E}.AppStore|Any CPU.Build.0 = Release|Any CPU
		{7D5F08B9-E991-4A07-8FBA-7F20524CDE2E}.AppStore|ARM.ActiveCfg = Release|Any CPU
		{7D5F08B9-E991-4A07-8FBA-7F20524CDE2E}.AppStore|ARM.Build.0 = Release|Any CPU
		{7D5F08B9-E991-4A07-8FBA-7F20524CDE2E}.AppStore|iPhone.ActiveCfg = Release|Any CPU
		{7D5F08B9-E991-4A07-8FBA-7F20524CDE2E}.AppStore|iPhone.Build.0 = Release|Any CPU
		{7D5F08B9-E991-4A07-8FBA-7F20524CDE2E}.AppStore|iPhoneSimulator.ActiveCfg = Release|Any CPU
		{7D5F08B9-E991-4A07-8FBA-7F20524CDE2E}.AppStore|iPhoneSimulator.Build.0 = Release|Any CPU
		{7D5F08B9-E991-4A07-8FBA-7F20524CDE2E}.AppStore|x64.ActiveCfg = Release|Any CPU
		{7D5F08B9-E991-4A07-8FBA-7F20524CDE2E}.AppStore|x64.Build.0 = Release|Any CPU
		{7D5F08B9-E991-4A07-8FBA-7F20524CDE2E}.AppStore|x86.ActiveCfg = Release|Any CPU
		{7D5F08B9-E991-4A07-8FBA-7F20524CDE2E}.AppStore|x86.Build.0 = Release|Any CPU
		{7D5F08B9-E991-4A07-8FBA-7F20524CDE2E}.Debug|Any CPU.ActiveCfg = Debug|Any CPU
		{7D5F08B9-E991-4A07-8FBA-7F20524CDE2E}.Debug|Any CPU.Build.0 = Debug|Any CPU
		{7D5F08B9-E991-4A07-8FBA-7F20524CDE2E}.Debug|ARM.ActiveCfg = Debug|Any CPU
		{7D5F08B9-E991-4A07-8FBA-7F20524CDE2E}.Debug|ARM.Build.0 = Debug|Any CPU
		{7D5F08B9-E991-4A07-8FBA-7F20524CDE2E}.Debug|iPhone.ActiveCfg = Debug|Any CPU
		{7D5F08B9-E991-4A07-8FBA-7F20524CDE2E}.Debug|iPhone.Build.0 = Debug|Any CPU
		{7D5F08B9-E991-4A07-8FBA-7F20524CDE2E}.Debug|iPhoneSimulator.ActiveCfg = Debug|Any CPU
		{7D5F08B9-E991-4A07-8FBA-7F20524CDE2E}.Debug|iPhoneSimulator.Build.0 = Debug|Any CPU
		{7D5F08B9-E991-4A07-8FBA-7F20524CDE2E}.Debug|x64.ActiveCfg = Debug|Any CPU
		{7D5F08B9-E991-4A07-8FBA-7F20524CDE2E}.Debug|x64.Build.0 = Debug|Any CPU
		{7D5F08B9-E991-4A07-8FBA-7F20524CDE2E}.Debug|x86.ActiveCfg = Debug|Any CPU
		{7D5F08B9-E991-4A07-8FBA-7F20524CDE2E}.Debug|x86.Build.0 = Debug|Any CPU
		{7D5F08B9-E991-4A07-8FBA-7F20524CDE2E}.Release|Any CPU.ActiveCfg = Release|Any CPU
		{7D5F08B9-E991-4A07-8FBA-7F20524CDE2E}.Release|Any CPU.Build.0 = Release|Any CPU
		{7D5F08B9-E991-4A07-8FBA-7F20524CDE2E}.Release|ARM.ActiveCfg = Release|Any CPU
		{7D5F08B9-E991-4A07-8FBA-7F20524CDE2E}.Release|ARM.Build.0 = Release|Any CPU
		{7D5F08B9-E991-4A07-8FBA-7F20524CDE2E}.Release|iPhone.ActiveCfg = Release|Any CPU
		{7D5F08B9-E991-4A07-8FBA-7F20524CDE2E}.Release|iPhone.Build.0 = Release|Any CPU
		{7D5F08B9-E991-4A07-8FBA-7F20524CDE2E}.Release|iPhoneSimulator.ActiveCfg = Release|Any CPU
		{7D5F08B9-E991-4A07-8FBA-7F20524CDE2E}.Release|iPhoneSimulator.Build.0 = Release|Any CPU
		{7D5F08B9-E991-4A07-8FBA-7F20524CDE2E}.Release|x64.ActiveCfg = Release|Any CPU
		{7D5F08B9-E991-4A07-8FBA-7F20524CDE2E}.Release|x64.Build.0 = Release|Any CPU
		{7D5F08B9-E991-4A07-8FBA-7F20524CDE2E}.Release|x86.ActiveCfg = Release|Any CPU
		{7D5F08B9-E991-4A07-8FBA-7F20524CDE2E}.Release|x86.Build.0 = Release|Any CPU
		{A62F801A-2E52-4BC3-9F96-FF8935520028}.Ad-Hoc|Any CPU.ActiveCfg = Release|Any CPU
		{A62F801A-2E52-4BC3-9F96-FF8935520028}.Ad-Hoc|Any CPU.Build.0 = Release|Any CPU
		{A62F801A-2E52-4BC3-9F96-FF8935520028}.Ad-Hoc|Any CPU.Deploy.0 = Release|Any CPU
		{A62F801A-2E52-4BC3-9F96-FF8935520028}.Ad-Hoc|ARM.ActiveCfg = Release|Any CPU
		{A62F801A-2E52-4BC3-9F96-FF8935520028}.Ad-Hoc|ARM.Build.0 = Release|Any CPU
		{A62F801A-2E52-4BC3-9F96-FF8935520028}.Ad-Hoc|ARM.Deploy.0 = Release|Any CPU
		{A62F801A-2E52-4BC3-9F96-FF8935520028}.Ad-Hoc|iPhone.ActiveCfg = Release|Any CPU
		{A62F801A-2E52-4BC3-9F96-FF8935520028}.Ad-Hoc|iPhone.Build.0 = Release|Any CPU
		{A62F801A-2E52-4BC3-9F96-FF8935520028}.Ad-Hoc|iPhone.Deploy.0 = Release|Any CPU
		{A62F801A-2E52-4BC3-9F96-FF8935520028}.Ad-Hoc|iPhoneSimulator.ActiveCfg = Release|Any CPU
		{A62F801A-2E52-4BC3-9F96-FF8935520028}.Ad-Hoc|iPhoneSimulator.Build.0 = Release|Any CPU
		{A62F801A-2E52-4BC3-9F96-FF8935520028}.Ad-Hoc|iPhoneSimulator.Deploy.0 = Release|Any CPU
		{A62F801A-2E52-4BC3-9F96-FF8935520028}.Ad-Hoc|x64.ActiveCfg = Release|Any CPU
		{A62F801A-2E52-4BC3-9F96-FF8935520028}.Ad-Hoc|x64.Build.0 = Release|Any CPU
		{A62F801A-2E52-4BC3-9F96-FF8935520028}.Ad-Hoc|x64.Deploy.0 = Release|Any CPU
		{A62F801A-2E52-4BC3-9F96-FF8935520028}.Ad-Hoc|x86.ActiveCfg = Release|Any CPU
		{A62F801A-2E52-4BC3-9F96-FF8935520028}.Ad-Hoc|x86.Build.0 = Release|Any CPU
		{A62F801A-2E52-4BC3-9F96-FF8935520028}.Ad-Hoc|x86.Deploy.0 = Release|Any CPU
		{A62F801A-2E52-4BC3-9F96-FF8935520028}.AppStore|Any CPU.ActiveCfg = Release|Any CPU
		{A62F801A-2E52-4BC3-9F96-FF8935520028}.AppStore|Any CPU.Build.0 = Release|Any CPU
		{A62F801A-2E52-4BC3-9F96-FF8935520028}.AppStore|Any CPU.Deploy.0 = Release|Any CPU
		{A62F801A-2E52-4BC3-9F96-FF8935520028}.AppStore|ARM.ActiveCfg = Release|Any CPU
		{A62F801A-2E52-4BC3-9F96-FF8935520028}.AppStore|ARM.Build.0 = Release|Any CPU
		{A62F801A-2E52-4BC3-9F96-FF8935520028}.AppStore|ARM.Deploy.0 = Release|Any CPU
		{A62F801A-2E52-4BC3-9F96-FF8935520028}.AppStore|iPhone.ActiveCfg = Release|Any CPU
		{A62F801A-2E52-4BC3-9F96-FF8935520028}.AppStore|iPhone.Build.0 = Release|Any CPU
		{A62F801A-2E52-4BC3-9F96-FF8935520028}.AppStore|iPhone.Deploy.0 = Release|Any CPU
		{A62F801A-2E52-4BC3-9F96-FF8935520028}.AppStore|iPhoneSimulator.ActiveCfg = Release|Any CPU
		{A62F801A-2E52-4BC3-9F96-FF8935520028}.AppStore|iPhoneSimulator.Build.0 = Release|Any CPU
		{A62F801A-2E52-4BC3-9F96-FF8935520028}.AppStore|iPhoneSimulator.Deploy.0 = Release|Any CPU
		{A62F801A-2E52-4BC3-9F96-FF8935520028}.AppStore|x64.ActiveCfg = Release|Any CPU
		{A62F801A-2E52-4BC3-9F96-FF8935520028}.AppStore|x64.Build.0 = Release|Any CPU
		{A62F801A-2E52-4BC3-9F96-FF8935520028}.AppStore|x64.Deploy.0 = Release|Any CPU
		{A62F801A-2E52-4BC3-9F96-FF8935520028}.AppStore|x86.ActiveCfg = Release|Any CPU
		{A62F801A-2E52-4BC3-9F96-FF8935520028}.AppStore|x86.Build.0 = Release|Any CPU
		{A62F801A-2E52-4BC3-9F96-FF8935520028}.AppStore|x86.Deploy.0 = Release|Any CPU
		{A62F801A-2E52-4BC3-9F96-FF8935520028}.Debug|Any CPU.ActiveCfg = Debug|Any CPU
		{A62F801A-2E52-4BC3-9F96-FF8935520028}.Debug|Any CPU.Build.0 = Debug|Any CPU
		{A62F801A-2E52-4BC3-9F96-FF8935520028}.Debug|Any CPU.Deploy.0 = Debug|Any CPU
		{A62F801A-2E52-4BC3-9F96-FF8935520028}.Debug|ARM.ActiveCfg = Debug|Any CPU
		{A62F801A-2E52-4BC3-9F96-FF8935520028}.Debug|ARM.Build.0 = Debug|Any CPU
		{A62F801A-2E52-4BC3-9F96-FF8935520028}.Debug|ARM.Deploy.0 = Debug|Any CPU
		{A62F801A-2E52-4BC3-9F96-FF8935520028}.Debug|iPhone.ActiveCfg = Debug|Any CPU
		{A62F801A-2E52-4BC3-9F96-FF8935520028}.Debug|iPhone.Build.0 = Debug|Any CPU
		{A62F801A-2E52-4BC3-9F96-FF8935520028}.Debug|iPhone.Deploy.0 = Debug|Any CPU
		{A62F801A-2E52-4BC3-9F96-FF8935520028}.Debug|iPhoneSimulator.ActiveCfg = Debug|Any CPU
		{A62F801A-2E52-4BC3-9F96-FF8935520028}.Debug|iPhoneSimulator.Build.0 = Debug|Any CPU
		{A62F801A-2E52-4BC3-9F96-FF8935520028}.Debug|iPhoneSimulator.Deploy.0 = Debug|Any CPU
		{A62F801A-2E52-4BC3-9F96-FF8935520028}.Debug|x64.ActiveCfg = Debug|Any CPU
		{A62F801A-2E52-4BC3-9F96-FF8935520028}.Debug|x64.Build.0 = Debug|Any CPU
		{A62F801A-2E52-4BC3-9F96-FF8935520028}.Debug|x64.Deploy.0 = Debug|Any CPU
		{A62F801A-2E52-4BC3-9F96-FF8935520028}.Debug|x86.ActiveCfg = Debug|Any CPU
		{A62F801A-2E52-4BC3-9F96-FF8935520028}.Debug|x86.Build.0 = Debug|Any CPU
		{A62F801A-2E52-4BC3-9F96-FF8935520028}.Debug|x86.Deploy.0 = Debug|Any CPU
		{A62F801A-2E52-4BC3-9F96-FF8935520028}.Release|Any CPU.ActiveCfg = Release|Any CPU
		{A62F801A-2E52-4BC3-9F96-FF8935520028}.Release|Any CPU.Build.0 = Release|Any CPU
		{A62F801A-2E52-4BC3-9F96-FF8935520028}.Release|Any CPU.Deploy.0 = Release|Any CPU
		{A62F801A-2E52-4BC3-9F96-FF8935520028}.Release|ARM.ActiveCfg = Release|Any CPU
		{A62F801A-2E52-4BC3-9F96-FF8935520028}.Release|ARM.Build.0 = Release|Any CPU
		{A62F801A-2E52-4BC3-9F96-FF8935520028}.Release|ARM.Deploy.0 = Release|Any CPU
		{A62F801A-2E52-4BC3-9F96-FF8935520028}.Release|iPhone.ActiveCfg = Release|Any CPU
		{A62F801A-2E52-4BC3-9F96-FF8935520028}.Release|iPhone.Build.0 = Release|Any CPU
		{A62F801A-2E52-4BC3-9F96-FF8935520028}.Release|iPhone.Deploy.0 = Release|Any CPU
		{A62F801A-2E52-4BC3-9F96-FF8935520028}.Release|iPhoneSimulator.ActiveCfg = Release|Any CPU
		{A62F801A-2E52-4BC3-9F96-FF8935520028}.Release|iPhoneSimulator.Build.0 = Release|Any CPU
		{A62F801A-2E52-4BC3-9F96-FF8935520028}.Release|iPhoneSimulator.Deploy.0 = Release|Any CPU
		{A62F801A-2E52-4BC3-9F96-FF8935520028}.Release|x64.ActiveCfg = Release|Any CPU
		{A62F801A-2E52-4BC3-9F96-FF8935520028}.Release|x64.Build.0 = Release|Any CPU
		{A62F801A-2E52-4BC3-9F96-FF8935520028}.Release|x64.Deploy.0 = Release|Any CPU
		{A62F801A-2E52-4BC3-9F96-FF8935520028}.Release|x86.ActiveCfg = Release|Any CPU
		{A62F801A-2E52-4BC3-9F96-FF8935520028}.Release|x86.Build.0 = Release|Any CPU
		{A62F801A-2E52-4BC3-9F96-FF8935520028}.Release|x86.Deploy.0 = Release|Any CPU
		{1A1B08B6-2D5E-4420-8DC9-7EAB7D8B4E84}.Ad-Hoc|Any CPU.ActiveCfg = Ad-Hoc|iPhone
		{1A1B08B6-2D5E-4420-8DC9-7EAB7D8B4E84}.Ad-Hoc|ARM.ActiveCfg = Ad-Hoc|iPhone
		{1A1B08B6-2D5E-4420-8DC9-7EAB7D8B4E84}.Ad-Hoc|iPhone.ActiveCfg = Ad-Hoc|iPhone
		{1A1B08B6-2D5E-4420-8DC9-7EAB7D8B4E84}.Ad-Hoc|iPhone.Build.0 = Ad-Hoc|iPhone
		{1A1B08B6-2D5E-4420-8DC9-7EAB7D8B4E84}.Ad-Hoc|iPhoneSimulator.ActiveCfg = Ad-Hoc|iPhoneSimulator
		{1A1B08B6-2D5E-4420-8DC9-7EAB7D8B4E84}.Ad-Hoc|iPhoneSimulator.Build.0 = Ad-Hoc|iPhoneSimulator
		{1A1B08B6-2D5E-4420-8DC9-7EAB7D8B4E84}.Ad-Hoc|x64.ActiveCfg = Ad-Hoc|iPhone
		{1A1B08B6-2D5E-4420-8DC9-7EAB7D8B4E84}.Ad-Hoc|x86.ActiveCfg = Ad-Hoc|iPhone
		{1A1B08B6-2D5E-4420-8DC9-7EAB7D8B4E84}.AppStore|Any CPU.ActiveCfg = AppStore|iPhone
		{1A1B08B6-2D5E-4420-8DC9-7EAB7D8B4E84}.AppStore|ARM.ActiveCfg = AppStore|iPhone
		{1A1B08B6-2D5E-4420-8DC9-7EAB7D8B4E84}.AppStore|iPhone.ActiveCfg = AppStore|iPhone
		{1A1B08B6-2D5E-4420-8DC9-7EAB7D8B4E84}.AppStore|iPhone.Build.0 = AppStore|iPhone
		{1A1B08B6-2D5E-4420-8DC9-7EAB7D8B4E84}.AppStore|iPhoneSimulator.ActiveCfg = AppStore|iPhoneSimulator
		{1A1B08B6-2D5E-4420-8DC9-7EAB7D8B4E84}.AppStore|iPhoneSimulator.Build.0 = AppStore|iPhoneSimulator
		{1A1B08B6-2D5E-4420-8DC9-7EAB7D8B4E84}.AppStore|x64.ActiveCfg = AppStore|iPhone
		{1A1B08B6-2D5E-4420-8DC9-7EAB7D8B4E84}.AppStore|x86.ActiveCfg = AppStore|iPhone
		{1A1B08B6-2D5E-4420-8DC9-7EAB7D8B4E84}.Debug|Any CPU.ActiveCfg = Debug|iPhone
		{1A1B08B6-2D5E-4420-8DC9-7EAB7D8B4E84}.Debug|ARM.ActiveCfg = Debug|iPhone
		{1A1B08B6-2D5E-4420-8DC9-7EAB7D8B4E84}.Debug|iPhone.ActiveCfg = Debug|iPhone
		{1A1B08B6-2D5E-4420-8DC9-7EAB7D8B4E84}.Debug|iPhone.Build.0 = Debug|iPhone
		{1A1B08B6-2D5E-4420-8DC9-7EAB7D8B4E84}.Debug|iPhoneSimulator.ActiveCfg = Debug|iPhoneSimulator
		{1A1B08B6-2D5E-4420-8DC9-7EAB7D8B4E84}.Debug|iPhoneSimulator.Build.0 = Debug|iPhoneSimulator
		{1A1B08B6-2D5E-4420-8DC9-7EAB7D8B4E84}.Debug|x64.ActiveCfg = Debug|iPhone
		{1A1B08B6-2D5E-4420-8DC9-7EAB7D8B4E84}.Debug|x86.ActiveCfg = Debug|iPhone
		{1A1B08B6-2D5E-4420-8DC9-7EAB7D8B4E84}.Release|Any CPU.ActiveCfg = Release|iPhone
		{1A1B08B6-2D5E-4420-8DC9-7EAB7D8B4E84}.Release|ARM.ActiveCfg = Release|iPhone
		{1A1B08B6-2D5E-4420-8DC9-7EAB7D8B4E84}.Release|iPhone.ActiveCfg = Release|iPhone
		{1A1B08B6-2D5E-4420-8DC9-7EAB7D8B4E84}.Release|iPhone.Build.0 = Release|iPhone
		{1A1B08B6-2D5E-4420-8DC9-7EAB7D8B4E84}.Release|iPhoneSimulator.ActiveCfg = Release|iPhoneSimulator
		{1A1B08B6-2D5E-4420-8DC9-7EAB7D8B4E84}.Release|iPhoneSimulator.Build.0 = Release|iPhoneSimulator
		{1A1B08B6-2D5E-4420-8DC9-7EAB7D8B4E84}.Release|x64.ActiveCfg = Release|iPhone
		{1A1B08B6-2D5E-4420-8DC9-7EAB7D8B4E84}.Release|x86.ActiveCfg = Release|iPhone
		{FAE77DA4-6126-418F-95F3-9B99D00F714A}.Ad-Hoc|Any CPU.ActiveCfg = Release|Any CPU
		{FAE77DA4-6126-418F-95F3-9B99D00F714A}.Ad-Hoc|Any CPU.Build.0 = Release|Any CPU
		{FAE77DA4-6126-418F-95F3-9B99D00F714A}.Ad-Hoc|Any CPU.Deploy.0 = Release|Any CPU
		{FAE77DA4-6126-418F-95F3-9B99D00F714A}.Ad-Hoc|ARM.ActiveCfg = Release|ARM
		{FAE77DA4-6126-418F-95F3-9B99D00F714A}.Ad-Hoc|ARM.Build.0 = Release|ARM
		{FAE77DA4-6126-418F-95F3-9B99D00F714A}.Ad-Hoc|ARM.Deploy.0 = Release|ARM
		{FAE77DA4-6126-418F-95F3-9B99D00F714A}.Ad-Hoc|iPhone.ActiveCfg = Release|Any CPU
		{FAE77DA4-6126-418F-95F3-9B99D00F714A}.Ad-Hoc|iPhone.Build.0 = Release|Any CPU
		{FAE77DA4-6126-418F-95F3-9B99D00F714A}.Ad-Hoc|iPhone.Deploy.0 = Release|Any CPU
		{FAE77DA4-6126-418F-95F3-9B99D00F714A}.Ad-Hoc|iPhoneSimulator.ActiveCfg = Release|Any CPU
		{FAE77DA4-6126-418F-95F3-9B99D00F714A}.Ad-Hoc|iPhoneSimulator.Build.0 = Release|Any CPU
		{FAE77DA4-6126-418F-95F3-9B99D00F714A}.Ad-Hoc|iPhoneSimulator.Deploy.0 = Release|Any CPU
		{FAE77DA4-6126-418F-95F3-9B99D00F714A}.Ad-Hoc|x64.ActiveCfg = Release|Any CPU
		{FAE77DA4-6126-418F-95F3-9B99D00F714A}.Ad-Hoc|x64.Build.0 = Release|Any CPU
		{FAE77DA4-6126-418F-95F3-9B99D00F714A}.Ad-Hoc|x64.Deploy.0 = Release|Any CPU
		{FAE77DA4-6126-418F-95F3-9B99D00F714A}.Ad-Hoc|x86.ActiveCfg = Release|x86
		{FAE77DA4-6126-418F-95F3-9B99D00F714A}.Ad-Hoc|x86.Build.0 = Release|x86
		{FAE77DA4-6126-418F-95F3-9B99D00F714A}.Ad-Hoc|x86.Deploy.0 = Release|x86
		{FAE77DA4-6126-418F-95F3-9B99D00F714A}.AppStore|Any CPU.ActiveCfg = Release|Any CPU
		{FAE77DA4-6126-418F-95F3-9B99D00F714A}.AppStore|Any CPU.Build.0 = Release|Any CPU
		{FAE77DA4-6126-418F-95F3-9B99D00F714A}.AppStore|Any CPU.Deploy.0 = Release|Any CPU
		{FAE77DA4-6126-418F-95F3-9B99D00F714A}.AppStore|ARM.ActiveCfg = Release|ARM
		{FAE77DA4-6126-418F-95F3-9B99D00F714A}.AppStore|ARM.Build.0 = Release|ARM
		{FAE77DA4-6126-418F-95F3-9B99D00F714A}.AppStore|ARM.Deploy.0 = Release|ARM
		{FAE77DA4-6126-418F-95F3-9B99D00F714A}.AppStore|iPhone.ActiveCfg = Release|Any CPU
		{FAE77DA4-6126-418F-95F3-9B99D00F714A}.AppStore|iPhone.Build.0 = Release|Any CPU
		{FAE77DA4-6126-418F-95F3-9B99D00F714A}.AppStore|iPhone.Deploy.0 = Release|Any CPU
		{FAE77DA4-6126-418F-95F3-9B99D00F714A}.AppStore|iPhoneSimulator.ActiveCfg = Release|Any CPU
		{FAE77DA4-6126-418F-95F3-9B99D00F714A}.AppStore|iPhoneSimulator.Build.0 = Release|Any CPU
		{FAE77DA4-6126-418F-95F3-9B99D00F714A}.AppStore|iPhoneSimulator.Deploy.0 = Release|Any CPU
		{FAE77DA4-6126-418F-95F3-9B99D00F714A}.AppStore|x64.ActiveCfg = Release|Any CPU
		{FAE77DA4-6126-418F-95F3-9B99D00F714A}.AppStore|x64.Build.0 = Release|Any CPU
		{FAE77DA4-6126-418F-95F3-9B99D00F714A}.AppStore|x64.Deploy.0 = Release|Any CPU
		{FAE77DA4-6126-418F-95F3-9B99D00F714A}.AppStore|x86.ActiveCfg = Release|x86
		{FAE77DA4-6126-418F-95F3-9B99D00F714A}.AppStore|x86.Build.0 = Release|x86
		{FAE77DA4-6126-418F-95F3-9B99D00F714A}.AppStore|x86.Deploy.0 = Release|x86
		{FAE77DA4-6126-418F-95F3-9B99D00F714A}.Debug|Any CPU.ActiveCfg = Debug|Any CPU
		{FAE77DA4-6126-418F-95F3-9B99D00F714A}.Debug|Any CPU.Build.0 = Debug|Any CPU
		{FAE77DA4-6126-418F-95F3-9B99D00F714A}.Debug|Any CPU.Deploy.0 = Debug|Any CPU
		{FAE77DA4-6126-418F-95F3-9B99D00F714A}.Debug|ARM.ActiveCfg = Debug|ARM
		{FAE77DA4-6126-418F-95F3-9B99D00F714A}.Debug|ARM.Build.0 = Debug|ARM
		{FAE77DA4-6126-418F-95F3-9B99D00F714A}.Debug|ARM.Deploy.0 = Debug|ARM
		{FAE77DA4-6126-418F-95F3-9B99D00F714A}.Debug|iPhone.ActiveCfg = Debug|Any CPU
		{FAE77DA4-6126-418F-95F3-9B99D00F714A}.Debug|iPhone.Build.0 = Debug|Any CPU
		{FAE77DA4-6126-418F-95F3-9B99D00F714A}.Debug|iPhone.Deploy.0 = Debug|Any CPU
		{FAE77DA4-6126-418F-95F3-9B99D00F714A}.Debug|iPhoneSimulator.ActiveCfg = Debug|Any CPU
		{FAE77DA4-6126-418F-95F3-9B99D00F714A}.Debug|iPhoneSimulator.Build.0 = Debug|Any CPU
		{FAE77DA4-6126-418F-95F3-9B99D00F714A}.Debug|iPhoneSimulator.Deploy.0 = Debug|Any CPU
		{FAE77DA4-6126-418F-95F3-9B99D00F714A}.Debug|x64.ActiveCfg = Debug|Any CPU
		{FAE77DA4-6126-418F-95F3-9B99D00F714A}.Debug|x64.Build.0 = Debug|Any CPU
		{FAE77DA4-6126-418F-95F3-9B99D00F714A}.Debug|x64.Deploy.0 = Debug|Any CPU
		{FAE77DA4-6126-418F-95F3-9B99D00F714A}.Debug|x86.ActiveCfg = Debug|x86
		{FAE77DA4-6126-418F-95F3-9B99D00F714A}.Debug|x86.Build.0 = Debug|x86
		{FAE77DA4-6126-418F-95F3-9B99D00F714A}.Debug|x86.Deploy.0 = Debug|x86
		{FAE77DA4-6126-418F-95F3-9B99D00F714A}.Release|Any CPU.ActiveCfg = Release|Any CPU
		{FAE77DA4-6126-418F-95F3-9B99D00F714A}.Release|Any CPU.Build.0 = Release|Any CPU
		{FAE77DA4-6126-418F-95F3-9B99D00F714A}.Release|Any CPU.Deploy.0 = Release|Any CPU
		{FAE77DA4-6126-418F-95F3-9B99D00F714A}.Release|ARM.ActiveCfg = Release|ARM
		{FAE77DA4-6126-418F-95F3-9B99D00F714A}.Release|ARM.Build.0 = Release|ARM
		{FAE77DA4-6126-418F-95F3-9B99D00F714A}.Release|ARM.Deploy.0 = Release|ARM
		{FAE77DA4-6126-418F-95F3-9B99D00F714A}.Release|iPhone.ActiveCfg = Release|Any CPU
		{FAE77DA4-6126-418F-95F3-9B99D00F714A}.Release|iPhone.Build.0 = Release|Any CPU
		{FAE77DA4-6126-418F-95F3-9B99D00F714A}.Release|iPhone.Deploy.0 = Release|Any CPU
		{FAE77DA4-6126-418F-95F3-9B99D00F714A}.Release|iPhoneSimulator.ActiveCfg = Release|Any CPU
		{FAE77DA4-6126-418F-95F3-9B99D00F714A}.Release|iPhoneSimulator.Build.0 = Release|Any CPU
		{FAE77DA4-6126-418F-95F3-9B99D00F714A}.Release|iPhoneSimulator.Deploy.0 = Release|Any CPU
		{FAE77DA4-6126-418F-95F3-9B99D00F714A}.Release|x64.ActiveCfg = Release|Any CPU
		{FAE77DA4-6126-418F-95F3-9B99D00F714A}.Release|x64.Build.0 = Release|Any CPU
		{FAE77DA4-6126-418F-95F3-9B99D00F714A}.Release|x64.Deploy.0 = Release|Any CPU
		{FAE77DA4-6126-418F-95F3-9B99D00F714A}.Release|x86.ActiveCfg = Release|x86
		{FAE77DA4-6126-418F-95F3-9B99D00F714A}.Release|x86.Build.0 = Release|x86
		{FAE77DA4-6126-418F-95F3-9B99D00F714A}.Release|x86.Deploy.0 = Release|x86
		{442A613B-79A5-409E-B225-05179ACBA8AB}.Ad-Hoc|Any CPU.ActiveCfg = Release|Any CPU
		{442A613B-79A5-409E-B225-05179ACBA8AB}.Ad-Hoc|Any CPU.Build.0 = Release|Any CPU
		{442A613B-79A5-409E-B225-05179ACBA8AB}.Ad-Hoc|Any CPU.Deploy.0 = Release|Any CPU
		{442A613B-79A5-409E-B225-05179ACBA8AB}.Ad-Hoc|ARM.ActiveCfg = Release|ARM
		{442A613B-79A5-409E-B225-05179ACBA8AB}.Ad-Hoc|ARM.Build.0 = Release|ARM
		{442A613B-79A5-409E-B225-05179ACBA8AB}.Ad-Hoc|ARM.Deploy.0 = Release|ARM
		{442A613B-79A5-409E-B225-05179ACBA8AB}.Ad-Hoc|iPhone.ActiveCfg = Release|Any CPU
		{442A613B-79A5-409E-B225-05179ACBA8AB}.Ad-Hoc|iPhone.Build.0 = Release|Any CPU
		{442A613B-79A5-409E-B225-05179ACBA8AB}.Ad-Hoc|iPhone.Deploy.0 = Release|Any CPU
		{442A613B-79A5-409E-B225-05179ACBA8AB}.Ad-Hoc|iPhoneSimulator.ActiveCfg = Release|Any CPU
		{442A613B-79A5-409E-B225-05179ACBA8AB}.Ad-Hoc|iPhoneSimulator.Build.0 = Release|Any CPU
		{442A613B-79A5-409E-B225-05179ACBA8AB}.Ad-Hoc|iPhoneSimulator.Deploy.0 = Release|Any CPU
		{442A613B-79A5-409E-B225-05179ACBA8AB}.Ad-Hoc|x64.ActiveCfg = Release|x64
		{442A613B-79A5-409E-B225-05179ACBA8AB}.Ad-Hoc|x64.Build.0 = Release|x64
		{442A613B-79A5-409E-B225-05179ACBA8AB}.Ad-Hoc|x64.Deploy.0 = Release|x64
		{442A613B-79A5-409E-B225-05179ACBA8AB}.Ad-Hoc|x86.ActiveCfg = Release|x86
		{442A613B-79A5-409E-B225-05179ACBA8AB}.Ad-Hoc|x86.Build.0 = Release|x86
		{442A613B-79A5-409E-B225-05179ACBA8AB}.Ad-Hoc|x86.Deploy.0 = Release|x86
		{442A613B-79A5-409E-B225-05179ACBA8AB}.AppStore|Any CPU.ActiveCfg = Release|Any CPU
		{442A613B-79A5-409E-B225-05179ACBA8AB}.AppStore|Any CPU.Build.0 = Release|Any CPU
		{442A613B-79A5-409E-B225-05179ACBA8AB}.AppStore|Any CPU.Deploy.0 = Release|Any CPU
		{442A613B-79A5-409E-B225-05179ACBA8AB}.AppStore|ARM.ActiveCfg = Release|ARM
		{442A613B-79A5-409E-B225-05179ACBA8AB}.AppStore|ARM.Build.0 = Release|ARM
		{442A613B-79A5-409E-B225-05179ACBA8AB}.AppStore|ARM.Deploy.0 = Release|ARM
		{442A613B-79A5-409E-B225-05179ACBA8AB}.AppStore|iPhone.ActiveCfg = Release|Any CPU
		{442A613B-79A5-409E-B225-05179ACBA8AB}.AppStore|iPhone.Build.0 = Release|Any CPU
		{442A613B-79A5-409E-B225-05179ACBA8AB}.AppStore|iPhone.Deploy.0 = Release|Any CPU
		{442A613B-79A5-409E-B225-05179ACBA8AB}.AppStore|iPhoneSimulator.ActiveCfg = Release|Any CPU
		{442A613B-79A5-409E-B225-05179ACBA8AB}.AppStore|iPhoneSimulator.Build.0 = Release|Any CPU
		{442A613B-79A5-409E-B225-05179ACBA8AB}.AppStore|iPhoneSimulator.Deploy.0 = Release|Any CPU
		{442A613B-79A5-409E-B225-05179ACBA8AB}.AppStore|x64.ActiveCfg = Release|x64
		{442A613B-79A5-409E-B225-05179ACBA8AB}.AppStore|x64.Build.0 = Release|x64
		{442A613B-79A5-409E-B225-05179ACBA8AB}.AppStore|x64.Deploy.0 = Release|x64
		{442A613B-79A5-409E-B225-05179ACBA8AB}.AppStore|x86.ActiveCfg = Release|x86
		{442A613B-79A5-409E-B225-05179ACBA8AB}.AppStore|x86.Build.0 = Release|x86
		{442A613B-79A5-409E-B225-05179ACBA8AB}.AppStore|x86.Deploy.0 = Release|x86
		{442A613B-79A5-409E-B225-05179ACBA8AB}.Debug|Any CPU.ActiveCfg = Debug|Any CPU
		{442A613B-79A5-409E-B225-05179ACBA8AB}.Debug|Any CPU.Build.0 = Debug|Any CPU
		{442A613B-79A5-409E-B225-05179ACBA8AB}.Debug|Any CPU.Deploy.0 = Debug|Any CPU
		{442A613B-79A5-409E-B225-05179ACBA8AB}.Debug|ARM.ActiveCfg = Debug|ARM
		{442A613B-79A5-409E-B225-05179ACBA8AB}.Debug|ARM.Build.0 = Debug|ARM
		{442A613B-79A5-409E-B225-05179ACBA8AB}.Debug|ARM.Deploy.0 = Debug|ARM
		{442A613B-79A5-409E-B225-05179ACBA8AB}.Debug|iPhone.ActiveCfg = Debug|Any CPU
		{442A613B-79A5-409E-B225-05179ACBA8AB}.Debug|iPhone.Build.0 = Debug|Any CPU
		{442A613B-79A5-409E-B225-05179ACBA8AB}.Debug|iPhone.Deploy.0 = Debug|Any CPU
		{442A613B-79A5-409E-B225-05179ACBA8AB}.Debug|iPhoneSimulator.ActiveCfg = Debug|Any CPU
		{442A613B-79A5-409E-B225-05179ACBA8AB}.Debug|iPhoneSimulator.Build.0 = Debug|Any CPU
		{442A613B-79A5-409E-B225-05179ACBA8AB}.Debug|iPhoneSimulator.Deploy.0 = Debug|Any CPU
		{442A613B-79A5-409E-B225-05179ACBA8AB}.Debug|x64.ActiveCfg = Debug|x64
		{442A613B-79A5-409E-B225-05179ACBA8AB}.Debug|x64.Build.0 = Debug|x64
		{442A613B-79A5-409E-B225-05179ACBA8AB}.Debug|x64.Deploy.0 = Debug|x64
		{442A613B-79A5-409E-B225-05179ACBA8AB}.Debug|x86.ActiveCfg = Debug|x86
		{442A613B-79A5-409E-B225-05179ACBA8AB}.Debug|x86.Build.0 = Debug|x86
		{442A613B-79A5-409E-B225-05179ACBA8AB}.Debug|x86.Deploy.0 = Debug|x86
		{442A613B-79A5-409E-B225-05179ACBA8AB}.Release|Any CPU.ActiveCfg = Release|Any CPU
		{442A613B-79A5-409E-B225-05179ACBA8AB}.Release|Any CPU.Build.0 = Release|Any CPU
		{442A613B-79A5-409E-B225-05179ACBA8AB}.Release|Any CPU.Deploy.0 = Release|Any CPU
		{442A613B-79A5-409E-B225-05179ACBA8AB}.Release|ARM.ActiveCfg = Release|ARM
		{442A613B-79A5-409E-B225-05179ACBA8AB}.Release|ARM.Build.0 = Release|ARM
		{442A613B-79A5-409E-B225-05179ACBA8AB}.Release|ARM.Deploy.0 = Release|ARM
		{442A613B-79A5-409E-B225-05179ACBA8AB}.Release|iPhone.ActiveCfg = Release|Any CPU
		{442A613B-79A5-409E-B225-05179ACBA8AB}.Release|iPhone.Build.0 = Release|Any CPU
		{442A613B-79A5-409E-B225-05179ACBA8AB}.Release|iPhone.Deploy.0 = Release|Any CPU
		{442A613B-79A5-409E-B225-05179ACBA8AB}.Release|iPhoneSimulator.ActiveCfg = Release|Any CPU
		{442A613B-79A5-409E-B225-05179ACBA8AB}.Release|iPhoneSimulator.Build.0 = Release|Any CPU
		{442A613B-79A5-409E-B225-05179ACBA8AB}.Release|iPhoneSimulator.Deploy.0 = Release|Any CPU
		{442A613B-79A5-409E-B225-05179ACBA8AB}.Release|x64.ActiveCfg = Release|x64
		{442A613B-79A5-409E-B225-05179ACBA8AB}.Release|x64.Build.0 = Release|x64
		{442A613B-79A5-409E-B225-05179ACBA8AB}.Release|x64.Deploy.0 = Release|x64
		{442A613B-79A5-409E-B225-05179ACBA8AB}.Release|x86.ActiveCfg = Release|x86
		{442A613B-79A5-409E-B225-05179ACBA8AB}.Release|x86.Build.0 = Release|x86
		{442A613B-79A5-409E-B225-05179ACBA8AB}.Release|x86.Deploy.0 = Release|x86
	EndGlobalSection
	GlobalSection(SolutionProperties) = preSolution
		HideSolutionNode = FALSE
	EndGlobalSection
EndGlobal
